
Microsoft Visual Studio Solution File, Format Version 12.00
# Visual Studio Version 16
VisualStudioVersion = 16.0.34729.46
MinimumVisualStudioVersion = 10.0.40219.1
Project("{9A19103F-16F7-4668-BE54-9A1E7A4F7556}") = "IpmProductionTool", "IpmProductionTool.csproj", "{06032C36-405F-4552-B692-3D779230B6ED}"
EndProject
Global
	GlobalSection(SolutionConfigurationPlatforms) = preSolution
		Debug|Any CPU = Debug|Any CPU
		Release|Any CPU = Release|Any CPU
	EndGlobalSection
	GlobalSection(ProjectConfigurationPlatforms) = postSolution
		{06032C36-405F-4552-B692-3D779230B6ED}.Debug|Any CPU.ActiveCfg = Debug|Any CPU
		{06032C36-405F-4552-B692-3D779230B6ED}.Debug|Any CPU.Build.0 = Debug|Any CPU
		{06032C36-405F-4552-B692-3D779230B6ED}.Release|Any CPU.ActiveCfg = Release|Any CPU
		{06032C36-405F-4552-B692-3D779230B6ED}.Release|Any CPU.Build.0 = Release|Any CPU
	EndGlobalSection
	GlobalSection(SolutionProperties) = preSolution
		HideSolutionNode = FALSE
	EndGlobalSection
	GlobalSection(ExtensibilityGlobals) = postSolution
		SolutionGuid = {CD85ED21-ED93-4451-B7A5-466B87CF4371}
	EndGlobalSection
EndGlobal
